
Microsoft Visual Studio Solution File, Format Version 12.00
# Visual Studio 15
VisualStudioVersion = 15.0.27004.2010
MinimumVisualStudioVersion = 10.0.40219.1
Project("{FAE04EC0-301F-11D3-BF4B-00C04F79EFBC}") = "ADOLatestSuccessful", "ADOLatestSuccessful\ADOLatestSuccessful.csproj", "{733ECCF2-6F6F-4F70-A824-B99C7F387F07}"
EndProject
Global
	GlobalSection(SolutionConfigurationPlatforms) = preSolution
		Debug|Any CPU = Debug|Any CPU
		Release|Any CPU = Release|Any CPU
	EndGlobalSection
	GlobalSection(ProjectConfigurationPlatforms) = postSolution
		{733ECCF2-6F6F-4F70-A824-B99C7F387F07}.Debug|Any CPU.ActiveCfg = Debug|Any CPU
		{733ECCF2-6F6F-4F70-A824-B99C7F387F07}.Debug|Any CPU.Build.0 = Debug|Any CPU
		{733ECCF2-6F6F-4F70-A824-B99C7F387F07}.Release|Any CPU.ActiveCfg = Release|Any CPU
		{733ECCF2-6F6F-4F70-A824-B99C7F387F07}.Release|Any CPU.Build.0 = Release|Any CPU
	EndGlobalSection
	GlobalSection(SolutionProperties) = preSolution
		HideSolutionNode = FALSE
	EndGlobalSection
	GlobalSection(ExtensibilityGlobals) = postSolution
		SolutionGuid = {12EEAFC6-4A10-47C0-B9D7-10E5B718BE52}
	EndGlobalSection
EndGlobal
